NeoBundleLock neobundle.vim 0b44247d063838e7709aeb225727020080cdc454
NeoBundleLock nerdtree 3b98a7fcae8f9fff356907171f0406ff8cd28921
NeoBundleLock unite-colorscheme 3aa33866a183f7659594a3f6b66b2334eaebc6a0
NeoBundleLock unite.vim f7797945465c8fcb49d8519d1e122e680ae673a8
NeoBundleLock vim-colors-solarized 528a59f26d12278698bb946f8fb82a63711eec21
