NeoBundleLock neobundle.vim 1682a77662e994d9500064f6308625d75d7cfa94
NeoBundleLock nerdtree 3b98a7fcae8f9fff356907171f0406ff8cd28921
NeoBundleLock unite-colorscheme 3aa33866a183f7659594a3f6b66b2334eaebc6a0
NeoBundleLock unite.vim 4be92819bcbe69611c2277cd60e21d8e5c694d89
NeoBundleLock vim-colors-solarized 528a59f26d12278698bb946f8fb82a63711eec21
